
Microsoft Visual Studio Solution File, Format Version 12.00
# Visual Studio 2013
VisualStudioVersion = 12.0.30312.1
MinimumVisualStudioVersion = 10.0.40219.1
Project("{FAE04EC0-301F-11D3-BF4B-00C04F79EFBC}") = "MapNotes", "MapNotes\MapNotes.csproj", "{6C489955-E949-40C5-9801-A015E2E4BFED}"
EndProject
Global
	GlobalSection(SolutionConfigurationPlatforms) = preSolution
		Debug|Any CPU = Debug|Any CPU
		Debug|ARM = Debug|ARM
		Debug|x86 = Debug|x86
		Release|Any CPU = Release|Any CPU
		Release|ARM = Release|ARM
		Release|x86 = Release|x86
	EndGlobalSection
	GlobalSection(ProjectConfigurationPlatforms) = postSolution
		{6C489955-E949-40C5-9801-A015E2E4BFED}.Debug|Any CPU.ActiveCfg = Debug|Any CPU
		{6C489955-E949-40C5-9801-A015E2E4BFED}.Debug|Any CPU.Build.0 = Debug|Any CPU
		{6C489955-E949-40C5-9801-A015E2E4BFED}.Debug|Any CPU.Deploy.0 = Debug|Any CPU
		{6C489955-E949-40C5-9801-A015E2E4BFED}.Debug|ARM.ActiveCfg = Debug|ARM
		{6C489955-E949-40C5-9801-A015E2E4BFED}.Debug|ARM.Build.0 = Debug|ARM
		{6C489955-E949-40C5-9801-A015E2E4BFED}.Debug|ARM.Deploy.0 = Debug|ARM
		{6C489955-E949-40C5-9801-A015E2E4BFED}.Debug|x86.ActiveCfg = Debug|x86
		{6C489955-E949-40C5-9801-A015E2E4BFED}.Debug|x86.Build.0 = Debug|x86
		{6C489955-E949-40C5-9801-A015E2E4BFED}.Debug|x86.Deploy.0 = Debug|x86
		{6C489955-E949-40C5-9801-A015E2E4BFED}.Release|Any CPU.ActiveCfg = Release|Any CPU
		{6C489955-E949-40C5-9801-A015E2E4BFED}.Release|Any CPU.Build.0 = Release|Any CPU
		{6C489955-E949-40C5-9801-A015E2E4BFED}.Release|Any CPU.Deploy.0 = Release|Any CPU
		{6C489955-E949-40C5-9801-A015E2E4BFED}.Release|ARM.ActiveCfg = Release|ARM
		{6C489955-E949-40C5-9801-A015E2E4BFED}.Release|ARM.Build.0 = Release|ARM
		{6C489955-E949-40C5-9801-A015E2E4BFED}.Release|ARM.Deploy.0 = Release|ARM
		{6C489955-E949-40C5-9801-A015E2E4BFED}.Release|x86.ActiveCfg = Release|x86
		{6C489955-E949-40C5-9801-A015E2E4BFED}.Release|x86.Build.0 = Release|x86
		{6C489955-E949-40C5-9801-A015E2E4BFED}.Release|x86.Deploy.0 = Release|x86
	EndGlobalSection
	GlobalSection(SolutionProperties) = preSolution
		HideSolutionNode = FALSE
	EndGlobalSection
EndGlobal
