
Microsoft Visual Studio Solution File, Format Version 12.00
# Visual Studio 2013
VisualStudioVersion = 12.0.31101.0
MinimumVisualStudioVersion = 10.0.40219.1
Project("{FAE04EC0-301F-11D3-BF4B-00C04F79EFBC}") = "Layout-13", "Layout-13\Layout-13.csproj", "{22BFC746-2A35-4E85-9892-F216B55ADFEA}"
EndProject
Global
	GlobalSection(SolutionConfigurationPlatforms) = preSolution
		Debug|Any CPU = Debug|Any CPU
		Debug|ARM = Debug|ARM
		Debug|x86 = Debug|x86
		Release|Any CPU = Release|Any CPU
		Release|ARM = Release|ARM
		Release|x86 = Release|x86
	EndGlobalSection
	GlobalSection(ProjectConfigurationPlatforms) = postSolution
		{22BFC746-2A35-4E85-9892-F216B55ADFEA}.Debug|Any CPU.ActiveCfg = Debug|Any CPU
		{22BFC746-2A35-4E85-9892-F216B55ADFEA}.Debug|Any CPU.Build.0 = Debug|Any CPU
		{22BFC746-2A35-4E85-9892-F216B55ADFEA}.Debug|Any CPU.Deploy.0 = Debug|Any CPU
		{22BFC746-2A35-4E85-9892-F216B55ADFEA}.Debug|ARM.ActiveCfg = Debug|ARM
		{22BFC746-2A35-4E85-9892-F216B55ADFEA}.Debug|ARM.Build.0 = Debug|ARM
		{22BFC746-2A35-4E85-9892-F216B55ADFEA}.Debug|ARM.Deploy.0 = Debug|ARM
		{22BFC746-2A35-4E85-9892-F216B55ADFEA}.Debug|x86.ActiveCfg = Debug|x86
		{22BFC746-2A35-4E85-9892-F216B55ADFEA}.Debug|x86.Build.0 = Debug|x86
		{22BFC746-2A35-4E85-9892-F216B55ADFEA}.Debug|x86.Deploy.0 = Debug|x86
		{22BFC746-2A35-4E85-9892-F216B55ADFEA}.Release|Any CPU.ActiveCfg = Release|Any CPU
		{22BFC746-2A35-4E85-9892-F216B55ADFEA}.Release|Any CPU.Build.0 = Release|Any CPU
		{22BFC746-2A35-4E85-9892-F216B55ADFEA}.Release|Any CPU.Deploy.0 = Release|Any CPU
		{22BFC746-2A35-4E85-9892-F216B55ADFEA}.Release|ARM.ActiveCfg = Release|ARM
		{22BFC746-2A35-4E85-9892-F216B55ADFEA}.Release|ARM.Build.0 = Release|ARM
		{22BFC746-2A35-4E85-9892-F216B55ADFEA}.Release|ARM.Deploy.0 = Release|ARM
		{22BFC746-2A35-4E85-9892-F216B55ADFEA}.Release|x86.ActiveCfg = Release|x86
		{22BFC746-2A35-4E85-9892-F216B55ADFEA}.Release|x86.Build.0 = Release|x86
		{22BFC746-2A35-4E85-9892-F216B55ADFEA}.Release|x86.Deploy.0 = Release|x86
	EndGlobalSection
	GlobalSection(SolutionProperties) = preSolution
		HideSolutionNode = FALSE
	EndGlobalSection
EndGlobal
