
Microsoft Visual Studio Solution File, Format Version 12.00
# Visual Studio 2013
VisualStudioVersion = 12.0.30723.0
MinimumVisualStudioVersion = 10.0.40219.1
Project("{FAE04EC0-301F-11D3-BF4B-00C04F79EFBC}") = "Audio-03", "Audio-03\Audio-03.csproj", "{CA2D6DD9-23FF-4D28-9815-F5ECFE694CF0}"
EndProject
Global
	GlobalSection(SolutionConfigurationPlatforms) = preSolution
		Debug|Any CPU = Debug|Any CPU
		Debug|ARM = Debug|ARM
		Debug|x86 = Debug|x86
		Release|Any CPU = Release|Any CPU
		Release|ARM = Release|ARM
		Release|x86 = Release|x86
	EndGlobalSection
	GlobalSection(ProjectConfigurationPlatforms) = postSolution
		{CA2D6DD9-23FF-4D28-9815-F5ECFE694CF0}.Debug|Any CPU.ActiveCfg = Debug|Any CPU
		{CA2D6DD9-23FF-4D28-9815-F5ECFE694CF0}.Debug|Any CPU.Build.0 = Debug|Any CPU
		{CA2D6DD9-23FF-4D28-9815-F5ECFE694CF0}.Debug|Any CPU.Deploy.0 = Debug|Any CPU
		{CA2D6DD9-23FF-4D28-9815-F5ECFE694CF0}.Debug|ARM.ActiveCfg = Debug|ARM
		{CA2D6DD9-23FF-4D28-9815-F5ECFE694CF0}.Debug|ARM.Build.0 = Debug|ARM
		{CA2D6DD9-23FF-4D28-9815-F5ECFE694CF0}.Debug|ARM.Deploy.0 = Debug|ARM
		{CA2D6DD9-23FF-4D28-9815-F5ECFE694CF0}.Debug|x86.ActiveCfg = Debug|x86
		{CA2D6DD9-23FF-4D28-9815-F5ECFE694CF0}.Debug|x86.Build.0 = Debug|x86
		{CA2D6DD9-23FF-4D28-9815-F5ECFE694CF0}.Debug|x86.Deploy.0 = Debug|x86
		{CA2D6DD9-23FF-4D28-9815-F5ECFE694CF0}.Release|Any CPU.ActiveCfg = Release|Any CPU
		{CA2D6DD9-23FF-4D28-9815-F5ECFE694CF0}.Release|Any CPU.Build.0 = Release|Any CPU
		{CA2D6DD9-23FF-4D28-9815-F5ECFE694CF0}.Release|Any CPU.Deploy.0 = Release|Any CPU
		{CA2D6DD9-23FF-4D28-9815-F5ECFE694CF0}.Release|ARM.ActiveCfg = Release|ARM
		{CA2D6DD9-23FF-4D28-9815-F5ECFE694CF0}.Release|ARM.Build.0 = Release|ARM
		{CA2D6DD9-23FF-4D28-9815-F5ECFE694CF0}.Release|ARM.Deploy.0 = Release|ARM
		{CA2D6DD9-23FF-4D28-9815-F5ECFE694CF0}.Release|x86.ActiveCfg = Release|x86
		{CA2D6DD9-23FF-4D28-9815-F5ECFE694CF0}.Release|x86.Build.0 = Release|x86
		{CA2D6DD9-23FF-4D28-9815-F5ECFE694CF0}.Release|x86.Deploy.0 = Release|x86
	EndGlobalSection
	GlobalSection(SolutionProperties) = preSolution
		HideSolutionNode = FALSE
	EndGlobalSection
EndGlobal
